
Microsoft Visual Studio Solution File, Format Version 12.00
# Visual Studio Version 17
VisualStudioVersion = 17.8.34408.163
MinimumVisualStudioVersion = 10.0.40219.1
Project("{FAE04EC0-301F-11D3-BF4B-00C04F79EFBC}") = "Self_Game", "Self_Game\Self_Game.csproj", "{7F51BC89-1BA1-467F-97C8-1184E8938BB6}"
EndProject
Global
	GlobalSection(SolutionConfigurationPlatforms) = preSolution
		Debug|Any CPU = Debug|Any CPU
		Release|Any CPU = Release|Any CPU
	EndGlobalSection
	GlobalSection(ProjectConfigurationPlatforms) = postSolution
		{7F51BC89-1BA1-467F-97C8-1184E8938BB6}.Debug|Any CPU.ActiveCfg = Debug|Any CPU
		{7F51BC89-1BA1-467F-97C8-1184E8938BB6}.Debug|Any CPU.Build.0 = Debug|Any CPU
		{7F51BC89-1BA1-467F-97C8-1184E8938BB6}.Release|Any CPU.ActiveCfg = Release|Any CPU
		{7F51BC89-1BA1-467F-97C8-1184E8938BB6}.Release|Any CPU.Build.0 = Release|Any CPU
	EndGlobalSection
	GlobalSection(SolutionProperties) = preSolution
		HideSolutionNode = FALSE
	EndGlobalSection
	GlobalSection(ExtensibilityGlobals) = postSolution
		SolutionGuid = {02DA501C-B017-4914-805C-7195AC6CDBD0}
	EndGlobalSection
EndGlobal
