
Microsoft Visual Studio Solution File, Format Version 12.00
# Visual Studio Version 17
VisualStudioVersion = 17.8.34408.163
MinimumVisualStudioVersion = 10.0.40219.1
Project("{FAE04EC0-301F-11D3-BF4B-00C04F79EFBC}") = "ProductStore(challenege02)", "ProductStore(challenege02)\ProductStore(challenege02).csproj", "{311BBB49-188F-4497-BC0E-537DCDDB45AB}"
EndProject
Global
	GlobalSection(SolutionConfigurationPlatforms) = preSolution
		Debug|Any CPU = Debug|Any CPU
		Release|Any CPU = Release|Any CPU
	EndGlobalSection
	GlobalSection(ProjectConfigurationPlatforms) = postSolution
		{311BBB49-188F-4497-BC0E-537DCDDB45AB}.Debug|Any CPU.ActiveCfg = Debug|Any CPU
		{311BBB49-188F-4497-BC0E-537DCDDB45AB}.Debug|Any CPU.Build.0 = Debug|Any CPU
		{311BBB49-188F-4497-BC0E-537DCDDB45AB}.Release|Any CPU.ActiveCfg = Release|Any CPU
		{311BBB49-188F-4497-BC0E-537DCDDB45AB}.Release|Any CPU.Build.0 = Release|Any CPU
	EndGlobalSection
	GlobalSection(SolutionProperties) = preSolution
		HideSolutionNode = FALSE
	EndGlobalSection
	GlobalSection(ExtensibilityGlobals) = postSolution
		SolutionGuid = {052EEF57-562C-4F6F-86AC-2B4790E126AB}
	EndGlobalSection
EndGlobal
